// !$*UTF8*$!
{
	archiveVersion = 1;
	classes = {
	};
	objectVersion = 46;
	objects = {

/* Begin PBXBuildFile section */
		1C1B0F541EFCF721003BE2D9 /* fishhook.c in Sources */ = {isa = PBXBuildFile; fileRef = 1C1B0F441EFCF721003BE2D9 /* fishhook.c */; };
		1C1B0F551EFCF721003BE2D9 /* OCTrace.cpp in Sources */ = {isa = PBXBuildFile; fileRef = 1C1B0F481EFCF721003BE2D9 /* OCTrace.cpp */; };
		1C1B0F561EFCF721003BE2D9 /* OCTraceImage.cpp in Sources */ = {isa = PBXBuildFile; fileRef = 1C1B0F4A1EFCF721003BE2D9 /* OCTraceImage.cpp */; };
		1C1B0F581EFCF721003BE2D9 /* OCTraceLogger.cpp in Sources */ = {isa = PBXBuildFile; fileRef = 1C1B0F4E1EFCF721003BE2D9 /* OCTraceLogger.cpp */; };
		1C1B0F5A1EFCF721003BE2D9 /* OCTraceUtils.cpp in Sources */ = {isa = PBXBuildFile; fileRef = 1C1B0F521EFCF721003BE2D9 /* OCTraceUtils.cpp */; };
		1C1B0F5B1EFCF81A003BE2D9 /* OCTrace.h in CopyFiles */ = {isa = PBXBuildFile; fileRef = 1C1B0F491EFCF721003BE2D9 /* OCTrace.h */; };
		1C1B0F5C1EFCF81A003BE2D9 /* OCTraceLogger.h in CopyFiles */ = {isa = PBXBuildFile; fileRef = 1C1B0F4F1EFCF721003BE2D9 /* OCTraceLogger.h */; };
		1CAAD1421F0F2E7400EB5EE2 /* OCTraceLocalLogger.cpp in Sources */ = {isa = PBXBuildFile; fileRef = 1CAAD13E1F0F2E7400EB5EE2 /* OCTraceLocalLogger.cpp */; };
		1CAAD1431F0F2E7400EB5EE2 /* OCTraceRemoteLogger.cpp in Sources */ = {isa = PBXBuildFile; fileRef = 1CAAD1401F0F2E7400EB5EE2 /* OCTraceRemoteLogger.cpp */; };
		1CC029181F02B7E8008B5063 /* main.m in Sources */ = {isa = PBXBuildFile; fileRef = 1CC029171F02B7E8008B5063 /* main.m */; };
		1CC0291B1F02B7E8008B5063 /* AppDelegate.mm in Sources */ = {isa = PBXBuildFile; fileRef = 1CC0291A1F02B7E8008B5063 /* AppDelegate.mm */; };
		1CC0291E1F02B7E8008B5063 /* ViewController.mm in Sources */ = {isa = PBXBuildFile; fileRef = 1CC0291D1F02B7E8008B5063 /* ViewController.mm */; };
		1CC029211F02B7E8008B5063 /* Main.storyboard in Resources */ = {isa = PBXBuildFile; fileRef = 1CC0291F1F02B7E8008B5063 /* Main.storyboard */; };
		1CC029231F02B7E8008B5063 /* Assets.xcassets in Resources */ = {isa = PBXBuildFile; fileRef = 1CC029221F02B7E8008B5063 /* Assets.xcassets */; };
		1CC029261F02B7E8008B5063 /* LaunchScreen.storyboard in Resources */ = {isa = PBXBuildFile; fileRef = 1CC029241F02B7E8008B5063 /* LaunchScreen.storyboard */; };
		1CC0293B1F02B7F9008B5063 /* liboctrace.a in Frameworks */ = {isa = PBXBuildFile; fileRef = 1C1B0F371EFCBBA1003BE2D9 /* liboctrace.a */; };
		1CC029441F034863008B5063 /* OCTraceTest.m in Sources */ = {isa = PBXBuildFile; fileRef = 1CC029431F034863008B5063 /* OCTraceTest.m */; };
/* End PBXBuildFile section */

/* Begin PBXContainerItemProxy section */
		1CC029391F02B7F3008B5063 /* PBXContainerItemProxy */ = {
			isa = PBXContainerItemProxy;
			containerPortal = 1C1B0F2F1EFCBBA1003BE2D9 /* Project object */;
			proxyType = 1;
			remoteGlobalIDString = 1C1B0F361EFCBBA1003BE2D9;
			remoteInfo = octrace;
		};
/* End PBXContainerItemProxy section */

/* Begin PBXCopyFilesBuildPhase section */
		1C1B0F351EFCBBA1003BE2D9 /* CopyFiles */ = {
			isa = PBXCopyFilesBuildPhase;
			buildActionMask = 2147483647;
			dstPath = "include/$(PRODUCT_NAME)";
			dstSubfolderSpec = 16;
			files = (
				1C1B0F5B1EFCF81A003BE2D9 /* OCTrace.h in CopyFiles */,
				1C1B0F5C1EFCF81A003BE2D9 /* OCTraceLogger.h in CopyFiles */,
			);
			runOnlyForDeploymentPostprocessing = 0;
		};
/* End PBXCopyFilesBuildPhase section */

/* Begin PBXFileReference section */
		1C1B0F371EFCBBA1003BE2D9 /* liboctrace.a */ = {isa = PBXFileReference; explicitFileType = archive.ar; includeInIndex = 0; path = liboctrace.a; sourceTree = BUILT_PRODUCTS_DIR; };
		1C1B0F441EFCF721003BE2D9 /* fishhook.c */ = {isa = PBXFileReference; fileEncoding = 4; lastKnownFileType = sourcecode.c.c; path = fishhook.c; sourceTree = "<group>"; };
		1C1B0F451EFCF721003BE2D9 /* fishhook.h */ = {isa = PBXFileReference; fileEncoding = 4; lastKnownFileType = sourcecode.c.h; path = fishhook.h; sourceTree = "<group>"; };
		1C1B0F461EFCF721003BE2D9 /* LICENSE */ = {isa = PBXFileReference; fileEncoding = 4; lastKnownFileType = text; path = LICENSE; sourceTree = "<group>"; };
		1C1B0F481EFCF721003BE2D9 /* OCTrace.cpp */ = {isa = PBXFileReference; fileEncoding = 4; lastKnownFileType = sourcecode.cpp.cpp; path = OCTrace.cpp; sourceTree = "<group>"; };
		1C1B0F491EFCF721003BE2D9 /* OCTrace.h */ = {isa = PBXFileReference; fileEncoding = 4; lastKnownFileType = sourcecode.c.h; path = OCTrace.h; sourceTree = "<group>"; };
		1C1B0F4A1EFCF721003BE2D9 /* OCTraceImage.cpp */ = {isa = PBXFileReference; fileEncoding = 4; lastKnownFileType = sourcecode.cpp.cpp; path = OCTraceImage.cpp; sourceTree = "<group>"; };
		1C1B0F4B1EFCF721003BE2D9 /* OCTraceImage.h */ = {isa = PBXFileReference; fileEncoding = 4; lastKnownFileType = sourcecode.c.h; path = OCTraceImage.h; sourceTree = "<group>"; };
		1C1B0F4E1EFCF721003BE2D9 /* OCTraceLogger.cpp */ = {isa = PBXFileReference; fileEncoding = 4; lastKnownFileType = sourcecode.cpp.cpp; path = OCTraceLogger.cpp; sourceTree = "<group>"; };
		1C1B0F4F1EFCF721003BE2D9 /* OCTraceLogger.h */ = {isa = PBXFileReference; fileEncoding = 4; lastKnownFileType = sourcecode.c.h; path = OCTraceLogger.h; sourceTree = "<group>"; };
		1C1B0F521EFCF721003BE2D9 /* OCTraceUtils.cpp */ = {isa = PBXFileReference; fileEncoding = 4; lastKnownFileType = sourcecode.cpp.cpp; path = OCTraceUtils.cpp; sourceTree = "<group>"; };
		1C1B0F531EFCF721003BE2D9 /* OCTraceUtils.h */ = {isa = PBXFileReference; fileEncoding = 4; lastKnownFileType = sourcecode.c.h; path = OCTraceUtils.h; sourceTree = "<group>"; };
		1CAAD13E1F0F2E7400EB5EE2 /* OCTraceLocalLogger.cpp */ = {isa = PBXFileReference; fileEncoding = 4; lastKnownFileType = sourcecode.cpp.cpp; path = OCTraceLocalLogger.cpp; sourceTree = "<group>"; };
		1CAAD13F1F0F2E7400EB5EE2 /* OCTraceLocalLogger.h */ = {isa = PBXFileReference; fileEncoding = 4; lastKnownFileType = sourcecode.c.h; path = OCTraceLocalLogger.h; sourceTree = "<group>"; };
		1CAAD1401F0F2E7400EB5EE2 /* OCTraceRemoteLogger.cpp */ = {isa = PBXFileReference; fileEncoding = 4; lastKnownFileType = sourcecode.cpp.cpp; path = OCTraceRemoteLogger.cpp; sourceTree = "<group>"; };
		1CAAD1411F0F2E7400EB5EE2 /* OCTraceRemoteLogger.h */ = {isa = PBXFileReference; fileEncoding = 4; lastKnownFileType = sourcecode.c.h; path = OCTraceRemoteLogger.h; sourceTree = "<group>"; };
		1CC029141F02B7E8008B5063 /* demo.app */ = {isa = PBXFileReference; explicitFileType = wrapper.application; includeInIndex = 0; path = demo.app; sourceTree = BUILT_PRODUCTS_DIR; };
		1CC029171F02B7E8008B5063 /* main.m */ = {isa = PBXFileReference; lastKnownFileType = sourcecode.c.objc; path = main.m; sourceTree = "<group>"; };
		1CC029191F02B7E8008B5063 /* AppDelegate.h */ = {isa = PBXFileReference; lastKnownFileType = sourcecode.c.h; path = AppDelegate.h; sourceTree = "<group>"; };
		1CC0291A1F02B7E8008B5063 /* AppDelegate.mm */ = {isa = PBXFileReference; lastKnownFileType = sourcecode.cpp.objcpp; path = AppDelegate.mm; sourceTree = "<group>"; };
		1CC0291C1F02B7E8008B5063 /* ViewController.h */ = {isa = PBXFileReference; lastKnownFileType = sourcecode.c.h; path = ViewController.h; sourceTree = "<group>"; };
		1CC0291D1F02B7E8008B5063 /* ViewController.mm */ = {isa = PBXFileReference; lastKnownFileType = sourcecode.cpp.objcpp; path = ViewController.mm; sourceTree = "<group>"; };
		1CC029201F02B7E8008B5063 /* Base */ = {isa = PBXFileReference; lastKnownFileType = file.storyboard; name = Base; path = Base.lproj/Main.storyboard; sourceTree = "<group>"; };
		1CC029221F02B7E8008B5063 /* Assets.xcassets */ = {isa = PBXFileReference; lastKnownFileType = folder.assetcatalog; path = Assets.xcassets; sourceTree = "<group>"; };
		1CC029251F02B7E8008B5063 /* Base */ = {isa = PBXFileReference; lastKnownFileType = file.storyboard; name = Base; path = Base.lproj/LaunchScreen.storyboard; sourceTree = "<group>"; };
		1CC029271F02B7E8008B5063 /* Info.plist */ = {isa = PBXFileReference; lastKnownFileType = text.plist.xml; path = Info.plist; sourceTree = "<group>"; };
		1CC029301F02B7E8008B5063 /* demoUITests.m */ = {isa = PBXFileReference; lastKnownFileType = sourcecode.c.objc; path = demoUITests.m; sourceTree = "<group>"; };
		1CC029321F02B7E8008B5063 /* Info.plist */ = {isa = PBXFileReference; lastKnownFileType = text.plist.xml; path = Info.plist; sourceTree = "<group>"; };
		1CC029421F034863008B5063 /* OCTraceTest.h */ = {isa = PBXFileReference; fileEncoding = 4; lastKnownFileType = sourcecode.c.h; path = OCTraceTest.h; sourceTree = "<group>"; };
		1CC029431F034863008B5063 /* OCTraceTest.m */ = {isa = PBXFileReference; fileEncoding = 4; lastKnownFileType = sourcecode.c.objc; path = OCTraceTest.m; sourceTree = "<group>"; };
/* End PBXFileReference section */

/* Begin PBXFrameworksBuildPhase section */
		1C1B0F341EFCBBA1003BE2D9 /* Frameworks */ = {
			isa = PBXFrameworksBuildPhase;
			buildActionMask = 2147483647;
			files = (
			);
			runOnlyForDeploymentPostprocessing = 0;
		};
		1CC029111F02B7E8008B5063 /* Frameworks */ = {
			isa = PBXFrameworksBuildPhase;
			buildActionMask = 2147483647;
			files = (
				1CC0293B1F02B7F9008B5063 /* liboctrace.a in Frameworks */,
			);
			runOnlyForDeploymentPostprocessing = 0;
		};
/* End PBXFrameworksBuildPhase section */

/* Begin PBXGroup section */
		1C1B0F2E1EFCBBA1003BE2D9 = {
			isa = PBXGroup;
			children = (
				1C1B0F391EFCBBA1003BE2D9 /* octrace */,
				1CC029151F02B7E8008B5063 /* demo */,
				1CC0292F1F02B7E8008B5063 /* demoUITests */,
				1C1B0F381EFCBBA1003BE2D9 /* Products */,
			);
			sourceTree = "<group>";
		};
		1C1B0F381EFCBBA1003BE2D9 /* Products */ = {
			isa = PBXGroup;
			children = (
				1C1B0F371EFCBBA1003BE2D9 /* liboctrace.a */,
				1CC029141F02B7E8008B5063 /* demo.app */,
			);
			name = Products;
			sourceTree = "<group>";
		};
		1C1B0F391EFCBBA1003BE2D9 /* octrace */ = {
			isa = PBXGroup;
			children = (
				1C1B0F431EFCF721003BE2D9 /* fishhook */,
				1C1B0F471EFCF721003BE2D9 /* objctrace */,
			);
			path = octrace;
			sourceTree = "<group>";
		};
		1C1B0F431EFCF721003BE2D9 /* fishhook */ = {
			isa = PBXGroup;
			children = (
				1C1B0F441EFCF721003BE2D9 /* fishhook.c */,
				1C1B0F451EFCF721003BE2D9 /* fishhook.h */,
				1C1B0F461EFCF721003BE2D9 /* LICENSE */,
			);
			path = fishhook;
			sourceTree = "<group>";
		};
		1C1B0F471EFCF721003BE2D9 /* objctrace */ = {
			isa = PBXGroup;
			children = (
				1C1B0F481EFCF721003BE2D9 /* OCTrace.cpp */,
				1C1B0F491EFCF721003BE2D9 /* OCTrace.h */,
				1C1B0F4A1EFCF721003BE2D9 /* OCTraceImage.cpp */,
				1C1B0F4B1EFCF721003BE2D9 /* OCTraceImage.h */,
				1C1B0F4E1EFCF721003BE2D9 /* OCTraceLogger.cpp */,
				1C1B0F4F1EFCF721003BE2D9 /* OCTraceLogger.h */,
				1C1B0F521EFCF721003BE2D9 /* OCTraceUtils.cpp */,
				1C1B0F531EFCF721003BE2D9 /* OCTraceUtils.h */,
			);
			path = objctrace;
			sourceTree = "<group>";
		};
		1CC029151F02B7E8008B5063 /* demo */ = {
			isa = PBXGroup;
			children = (
				1CAAD13E1F0F2E7400EB5EE2 /* OCTraceLocalLogger.cpp */,
				1CAAD13F1F0F2E7400EB5EE2 /* OCTraceLocalLogger.h */,
				1CAAD1401F0F2E7400EB5EE2 /* OCTraceRemoteLogger.cpp */,
				1CAAD1411F0F2E7400EB5EE2 /* OCTraceRemoteLogger.h */,
				1CC029421F034863008B5063 /* OCTraceTest.h */,
				1CC029431F034863008B5063 /* OCTraceTest.m */,
				1CC029191F02B7E8008B5063 /* AppDelegate.h */,
				1CC0291A1F02B7E8008B5063 /* AppDelegate.mm */,
				1CC0291C1F02B7E8008B5063 /* ViewController.h */,
				1CC0291D1F02B7E8008B5063 /* ViewController.mm */,
				1CC0291F1F02B7E8008B5063 /* Main.storyboard */,
				1CC029221F02B7E8008B5063 /* Assets.xcassets */,
				1CC029241F02B7E8008B5063 /* LaunchScreen.storyboard */,
				1CC029271F02B7E8008B5063 /* Info.plist */,
				1CC029161F02B7E8008B5063 /* Supporting Files */,
			);
			path = demo;
			sourceTree = "<group>";
		};
		1CC029161F02B7E8008B5063 /* Supporting Files */ = {
			isa = PBXGroup;
			children = (
				1CC029171F02B7E8008B5063 /* main.m */,
			);
			name = "Supporting Files";
			sourceTree = "<group>";
		};
		1CC0292F1F02B7E8008B5063 /* demoUITests */ = {
			isa = PBXGroup;
			children = (
				1CC029301F02B7E8008B5063 /* demoUITests.m */,
				1CC029321F02B7E8008B5063 /* Info.plist */,
			);
			path = demoUITests;
			sourceTree = "<group>";
		};
/* End PBXGroup section */

/* Begin PBXNativeTarget section */
		1C1B0F361EFCBBA1003BE2D9 /* octrace */ = {
			isa = PBXNativeTarget;
			buildConfigurationList = 1C1B0F401EFCBBA1003BE2D9 /* Build configuration list for PBXNativeTarget "octrace" */;
			buildPhases = (
				1C1B0F331EFCBBA1003BE2D9 /* Sources */,
				1C1B0F341EFCBBA1003BE2D9 /* Frameworks */,
				1C1B0F351EFCBBA1003BE2D9 /* CopyFiles */,
			);
			buildRules = (
			);
			dependencies = (
			);
			name = octrace;
			productName = octrace;
			productReference = 1C1B0F371EFCBBA1003BE2D9 /* liboctrace.a */;
			productType = "com.apple.product-type.library.static";
		};
		1CC029131F02B7E8008B5063 /* demo */ = {
			isa = PBXNativeTarget;
			buildConfigurationList = 1CC029371F02B7E8008B5063 /* Build configuration list for PBXNativeTarget "demo" */;
			buildPhases = (
				1CC029101F02B7E8008B5063 /* Sources */,
				1CC029111F02B7E8008B5063 /* Frameworks */,
				1CC029121F02B7E8008B5063 /* Resources */,
			);
			buildRules = (
			);
			dependencies = (
				1CC0293A1F02B7F3008B5063 /* PBXTargetDependency */,
			);
			name = demo;
			productName = demo;
			productReference = 1CC029141F02B7E8008B5063 /* demo.app */;
			productType = "com.apple.product-type.application";
		};
/* End PBXNativeTarget section */

/* Begin PBXProject section */
		1C1B0F2F1EFCBBA1003BE2D9 /* Project object */ = {
			isa = PBXProject;
			attributes = {
				LastUpgradeCheck = 0830;
				ORGANIZATIONNAME = ChinaNetCenter;
				TargetAttributes = {
					1C1B0F361EFCBBA1003BE2D9 = {
						CreatedOnToolsVersion = 8.3.3;
						DevelopmentTeam = S6NQ524Y5V;
						ProvisioningStyle = Automatic;
					};
					1CC029131F02B7E8008B5063 = {
						CreatedOnToolsVersion = 8.3.3;
						DevelopmentTeam = S6NQ524Y5V;
						ProvisioningStyle = Automatic;
					};
				};
			};
			buildConfigurationList = 1C1B0F321EFCBBA1003BE2D9 /* Build configuration list for PBXProject "octrace" */;
			compatibilityVersion = "Xcode 3.2";
			developmentRegion = English;
			hasScannedForEncodings = 0;
			knownRegions = (
				en,
				Base,
			);
			mainGroup = 1C1B0F2E1EFCBBA1003BE2D9;
			productRefGroup = 1C1B0F381EFCBBA1003BE2D9 /* Products */;
			projectDirPath = "";
			projectRoot = "";
			targets = (
				1C1B0F361EFCBBA1003BE2D9 /* octrace */,
				1CC029131F02B7E8008B5063 /* demo */,
			);
		};
/* End PBXProject section */

/* Begin PBXResourcesBuildPhase section */
		1CC029121F02B7E8008B5063 /* Resources */ = {
			isa = PBXResourcesBuildPhase;
			buildActionMask = 2147483647;
			files = (
				1CC029261F02B7E8008B5063 /* LaunchScreen.storyboard in Resources */,
				1CC029231F02B7E8008B5063 /* Assets.xcassets in Resources */,
				1CC029211F02B7E8008B5063 /* Main.storyboard in Resources */,
			);
			runOnlyForDeploymentPostprocessing = 0;
		};
/* End PBXResourcesBuildPhase section */

/* Begin PBXSourcesBuildPhase section */
		1C1B0F331EFCBBA1003BE2D9 /* Sources */ = {
			isa = PBXSourcesBuildPhase;
			buildActionMask = 2147483647;
			files = (
				1C1B0F541EFCF721003BE2D9 /* fishhook.c in Sources */,
				1C1B0F551EFCF721003BE2D9 /* OCTrace.cpp in Sources */,
				1C1B0F5A1EFCF721003BE2D9 /* OCTraceUtils.cpp in Sources */,
				1C1B0F581EFCF721003BE2D9 /* OCTraceLogger.cpp in Sources */,
				1C1B0F561EFCF721003BE2D9 /* OCTraceImage.cpp in Sources */,
			);
			runOnlyForDeploymentPostprocessing = 0;
		};
		1CC029101F02B7E8008B5063 /* Sources */ = {
			isa = PBXSourcesBuildPhase;
			buildActionMask = 2147483647;
			files = (
				1CAAD1421F0F2E7400EB5EE2 /* OCTraceLocalLogger.cpp in Sources */,
				1CC0291E1F02B7E8008B5063 /* ViewController.mm in Sources */,
				1CC029441F034863008B5063 /* OCTraceTest.m in Sources */,
				1CC0291B1F02B7E8008B5063 /* AppDelegate.mm in Sources */,
				1CC029181F02B7E8008B5063 /* main.m in Sources */,
				1CAAD1431F0F2E7400EB5EE2 /* OCTraceRemoteLogger.cpp in Sources */,
			);
			runOnlyForDeploymentPostprocessing = 0;
		};
/* End PBXSourcesBuildPhase section */

/* Begin PBXTargetDependency section */
		1CC0293A1F02B7F3008B5063 /* PBXTargetDependency */ = {
			isa = PBXTargetDependency;
			target = 1C1B0F361EFCBBA1003BE2D9 /* octrace */;
			targetProxy = 1CC029391F02B7F3008B5063 /* PBXContainerItemProxy */;
		};
/* End PBXTargetDependency section */

/* Begin PBXVariantGroup section */
		1CC0291F1F02B7E8008B5063 /* Main.storyboard */ = {
			isa = PBXVariantGroup;
			children = (
				1CC029201F02B7E8008B5063 /* Base */,
			);
			name = Main.storyboard;
			sourceTree = "<group>";
		};
		1CC029241F02B7E8008B5063 /* LaunchScreen.storyboard */ = {
			isa = PBXVariantGroup;
			children = (
				1CC029251F02B7E8008B5063 /* Base */,
			);
			name = LaunchScreen.storyboard;
			sourceTree = "<group>";
		};
/* End PBXVariantGroup section */

/* Begin XCBuildConfiguration section */
		1C1B0F3E1EFCBBA1003BE2D9 /* Debug */ = {
			isa = XCBuildConfiguration;
			buildSettings = {
				ALWAYS_SEARCH_USER_PATHS = NO;
				CLANG_ANALYZER_NONNULL = YES;
				CLANG_ANALYZER_NUMBER_OBJECT_CONVERSION = YES_AGGRESSIVE;
				CLANG_CXX_LANGUAGE_STANDARD = "gnu++0x";
				CLANG_CXX_LIBRARY = "libc++";
				CLANG_ENABLE_MODULES = YES;
				CLANG_ENABLE_OBJC_ARC = YES;
				CLANG_WARN_BOOL_CONVERSION = YES;
				CLANG_WARN_CONSTANT_CONVERSION = YES;
				CLANG_WARN_DIRECT_OBJC_ISA_USAGE = YES_ERROR;
				CLANG_WARN_DOCUMENTATION_COMMENTS = YES;
				CLANG_WARN_EMPTY_BODY = YES;
				CLANG_WARN_ENUM_CONVERSION = YES;
				CLANG_WARN_INFINITE_RECURSION = YES;
				CLANG_WARN_INT_CONVERSION = YES;
				CLANG_WARN_OBJC_ROOT_CLASS = YES_ERROR;
				CLANG_WARN_SUSPICIOUS_MOVE = YES;
				CLANG_WARN_UNREACHABLE_CODE = YES;
				CLANG_WARN__DUPLICATE_METHOD_MATCH = YES;
				"CODE_SIGN_IDENTITY[sdk=iphoneos*]" = "iPhone Developer";
				COPY_PHASE_STRIP = NO;
				DEBUG_INFORMATION_FORMAT = dwarf;
				ENABLE_STRICT_OBJC_MSGSEND = YES;
				ENABLE_TESTABILITY = YES;
				GCC_C_LANGUAGE_STANDARD = gnu99;
				GCC_DYNAMIC_NO_PIC = NO;
				GCC_NO_COMMON_BLOCKS = YES;
				GCC_OPTIMIZATION_LEVEL = 0;
				GCC_PREPROCESSOR_DEFINITIONS = (
					"DEBUG=1",
					"$(inherited)",
				);
				GCC_WARN_64_TO_32_BIT_CONVERSION = YES;
				GCC_WARN_ABOUT_RETURN_TYPE = YES_ERROR;
				GCC_WARN_UNDECLARED_SELECTOR = YES;
				GCC_WARN_UNINITIALIZED_AUTOS = YES_AGGRESSIVE;
				GCC_WARN_UNUSED_FUNCTION = YES;
				GCC_WARN_UNUSED_VARIABLE = YES;
				IPHONEOS_DEPLOYMENT_TARGET = 10.3;
				MTL_ENABLE_DEBUG_INFO = YES;
				ONLY_ACTIVE_ARCH = YES;
				SDKROOT = iphoneos;
			};
			name = Debug;
		};
		1C1B0F3F1EFCBBA1003BE2D9 /* Release */ = {
			isa = XCBuildConfiguration;
			buildSettings = {
				ALWAYS_SEARCH_USER_PATHS = NO;
				CLANG_ANALYZER_NONNULL = YES;
				CLANG_ANALYZER_NUMBER_OBJECT_CONVERSION = YES_AGGRESSIVE;
				CLANG_CXX_LANGUAGE_STANDARD = "gnu++0x";
				CLANG_CXX_LIBRARY = "libc++";
				CLANG_ENABLE_MODULES = YES;
				CLANG_ENABLE_OBJC_ARC = YES;
				CLANG_WARN_BOOL_CONVERSION = YES;
				CLANG_WARN_CONSTANT_CONVERSION = YES;
				CLANG_WARN_DIRECT_OBJC_ISA_USAGE = YES_ERROR;
				CLANG_WARN_DOCUMENTATION_COMMENTS = YES;
				CLANG_WARN_EMPTY_BODY = YES;
				CLANG_WARN_ENUM_CONVERSION = YES;
				CLANG_WARN_INFINITE_RECURSION = YES;
				CLANG_WARN_INT_CONVERSION = YES;
				CLANG_WARN_OBJC_ROOT_CLASS = YES_ERROR;
				CLANG_WARN_SUSPICIOUS_MOVE = YES;
				CLANG_WARN_UNREACHABLE_CODE = YES;
				CLANG_WARN__DUPLICATE_METHOD_MATCH = YES;
				"CODE_SIGN_IDENTITY[sdk=iphoneos*]" = "iPhone Developer";
				COPY_PHASE_STRIP = NO;
				DEBUG_INFORMATION_FORMAT = "dwarf-with-dsym";
				ENABLE_NS_ASSERTIONS = NO;
				ENABLE_STRICT_OBJC_MSGSEND = YES;
				GCC_C_LANGUAGE_STANDARD = gnu99;
				GCC_NO_COMMON_BLOCKS = YES;
				GCC_WARN_64_TO_32_BIT_CONVERSION = YES;
				GCC_WARN_ABOUT_RETURN_TYPE = YES_ERROR;
				GCC_WARN_UNDECLARED_SELECTOR = YES;
				GCC_WARN_UNINITIALIZED_AUTOS = YES_AGGRESSIVE;
				GCC_WARN_UNUSED_FUNCTION = YES;
				GCC_WARN_UNUSED_VARIABLE = YES;
				IPHONEOS_DEPLOYMENT_TARGET = 10.3;
				MTL_ENABLE_DEBUG_INFO = NO;
				SDKROOT = iphoneos;
				VALIDATE_PRODUCT = YES;
			};
			name = Release;
		};
		1C1B0F411EFCBBA1003BE2D9 /* Debug */ = {
			isa = XCBuildConfiguration;
			buildSettings = {
				DEVELOPMENT_TEAM = S6NQ524Y5V;
				OTHER_LDFLAGS = "-ObjC";
				PRODUCT_NAME = "$(TARGET_NAME)";
				SKIP_INSTALL = YES;
			};
			name = Debug;
		};
		1C1B0F421EFCBBA1003BE2D9 /* Release */ = {
			isa = XCBuildConfiguration;
			buildSettings = {
				DEVELOPMENT_TEAM = S6NQ524Y5V;
				OTHER_LDFLAGS = "-ObjC";
				PRODUCT_NAME = "$(TARGET_NAME)";
				SKIP_INSTALL = YES;
			};
			name = Release;
		};
		1CC029331F02B7E8008B5063 /* Debug */ = {
			isa = XCBuildConfiguration;
			buildSettings = {
				ASSETCATALOG_COMPILER_APPICON_NAME = AppIcon;
				DEVELOPMENT_TEAM = S6NQ524Y5V;
				INFOPLIST_FILE = demo/Info.plist;
				LD_RUNPATH_SEARCH_PATHS = "$(inherited) @executable_path/Frameworks";
				PRODUCT_BUNDLE_IDENTIFIER = com.wadahana.demo;
				PRODUCT_NAME = "$(TARGET_NAME)";
			};
			name = Debug;
		};
		1CC029341F02B7E8008B5063 /* Release */ = {
			isa = XCBuildConfiguration;
			buildSettings = {
				ASSETCATALOG_COMPILER_APPICON_NAME = AppIcon;
				DEVELOPMENT_TEAM = S6NQ524Y5V;
				INFOPLIST_FILE = demo/Info.plist;
				LD_RUNPATH_SEARCH_PATHS = "$(inherited) @executable_path/Frameworks";
				PRODUCT_BUNDLE_IDENTIFIER = com.wadahana.demo;
				PRODUCT_NAME = "$(TARGET_NAME)";
			};
			name = Release;
		};
/* End XCBuildConfiguration section */

/* Begin XCConfigurationList section */
		1C1B0F321EFCBBA1003BE2D9 /* Build configuration list for PBXProject "octrace" */ = {
			isa = XCConfigurationList;
			buildConfigurations = (
				1C1B0F3E1EFCBBA1003BE2D9 /* Debug */,
				1C1B0F3F1EFCBBA1003BE2D9 /* Release */,
			);
			defaultConfigurationIsVisible = 0;
			defaultConfigurationName = Release;
		};
		1C1B0F401EFCBBA1003BE2D9 /* Build configuration list for PBXNativeTarget "octrace" */ = {
			isa = XCConfigurationList;
			buildConfigurations = (
				1C1B0F411EFCBBA1003BE2D9 /* Debug */,
				1C1B0F421EFCBBA1003BE2D9 /* Release */,
			);
			defaultConfigurationIsVisible = 0;
			defaultConfigurationName = Release;
		};
		1CC029371F02B7E8008B5063 /* Build configuration list for PBXNativeTarget "demo" */ = {
			isa = XCConfigurationList;
			buildConfigurations = (
				1CC029331F02B7E8008B5063 /* Debug */,
				1CC029341F02B7E8008B5063 /* Release */,
			);
			defaultConfigurationIsVisible = 0;
			defaultConfigurationName = Release;
		};
/* End XCConfigurationList section */
	};
	rootObject = 1C1B0F2F1EFCBBA1003BE2D9 /* Project object */;
}
